
Microsoft Visual Studio Solution File, Format Version 12.00
# Visual Studio Version 16
VisualStudioVersion = 16.0.30011.22
MinimumVisualStudioVersion = 10.0.40219.1
Project("{FAE04EC0-301F-11D3-BF4B-00C04F79EFBC}") = "Delivery", "Delivery\Delivery.csproj", "{1D4F2DA5-3F1B-407C-8CAF-8C07CEC94F25}"
EndProject
Global
	GlobalSection(SolutionConfigurationPlatforms) = preSolution
		Debug|Any CPU = Debug|Any CPU
		Release|Any CPU = Release|Any CPU
	EndGlobalSection
	GlobalSection(ProjectConfigurationPlatforms) = postSolution
		{1D4F2DA5-3F1B-407C-8CAF-8C07CEC94F25}.Debug|Any CPU.ActiveCfg = Debug|Any CPU
		{1D4F2DA5-3F1B-407C-8CAF-8C07CEC94F25}.Debug|Any CPU.Build.0 = Debug|Any CPU
		{1D4F2DA5-3F1B-407C-8CAF-8C07CEC94F25}.Release|Any CPU.ActiveCfg = Release|Any CPU
		{1D4F2DA5-3F1B-407C-8CAF-8C07CEC94F25}.Release|Any CPU.Build.0 = Release|Any CPU
	EndGlobalSection
	GlobalSection(SolutionProperties) = preSolution
		HideSolutionNode = FALSE
	EndGlobalSection
	GlobalSection(ExtensibilityGlobals) = postSolution
		SolutionGuid = {FA308EEE-945D-4E7E-B391-291CEB75D770}
	EndGlobalSection
EndGlobal
